{
  "version": 4,
  "terraform_version": "1.11.4",
  "serial": 5,
  "lineage": "9c33db62-a090-2c8b-41af-83bcef71a4d9",
  "outputs": {},
  "resources": [
    {
      "mode": "managed",
      "type": "local_file",
      "name": "write_pet_name",
      "provider": "provider[\"registry.terraform.io/hashicorp/local\"]",
      "instances": [
        {
          "schema_version": 0,
          "attributes": {
            "content": "Your random pet name is: chief-filly",
            "content_base64": null,
            "content_base64sha256": "nzQo8+V2j5mnbWeBYRLmAykQ2rS7R244rCE6QICMkd0=",
            "content_base64sha512": "6Eu8QmPOcuspk1DkaaiALeDxkXXS05G1ep95NnWR8vQU9iY1fj0O3MgB8t7VFxeN70g4CxVplnNeInhAXYRFGA==",
            "content_md5": "0cfa716643bd93aaa546fb2281d01b28",
            "content_sha1": "e71719f802138529d639ba74be1749bf796dd048",
            "content_sha256": "9f3428f3e5768f99a76d67816112e6032910dab4bb476e38ac213a40808c91dd",
            "content_sha512": "e84bbc4263ce72eb299350e469a8802de0f19175d2d391b57a9f79367591f2f414f626357e3d0edcc801f2ded517178def48380b156996735e2278405d844518",
            "directory_permission": "0777",
            "file_permission": "0777",
            "filename": "./pet_name.txt",
            "id": "e71719f802138529d639ba74be1749bf796dd048",
            "sensitive_content": null,
            "source": null
          },
          "sensitive_attributes": [
            [
              {
                "type": "get_attr",
                "value": "sensitive_content"
              }
            ]
          ],
          "dependencies": [
            "random_pet.pet_name"
          ]
        }
      ]
    },
    {
      "mode": "managed",
      "type": "null_resource",
      "name": "log_output",
      "provider": "provider[\"registry.terraform.io/hashicorp/null\"]",
      "instances": [
        {
          "schema_version": 0,
          "attributes": {
            "id": "7569980828502548167",
            "triggers": {
              "pet_name": "chief-filly"
            }
          },
          "sensitive_attributes": [],
          "dependencies": [
            "random_pet.pet_name"
          ]
        }
      ]
    },
    {
      "mode": "managed",
      "type": "random_pet",
      "name": "pet_name",
      "provider": "provider[\"registry.terraform.io/hashicorp/random\"]",
      "instances": [
        {
          "status": "tainted",
          "schema_version": 0,
          "attributes": {
            "id": "chief-filly",
            "keepers": null,
            "length": 2,
            "prefix": null,
            "separator": "-"
          },
          "sensitive_attributes": []
        }
      ]
    }
  ],
  "check_results": null
}
